
Microsoft Visual Studio Solution File, Format Version 12.00
# Visual Studio Version 17
VisualStudioVersion = 17.1.32414.318
MinimumVisualStudioVersion = 10.0.40219.1
Project("{2150E333-8FDC-42A3-9474-1A3956D46DE8}") = "001. Network", "001. Network", "{D0B0DEF9-CFE1-4782-AEE1-2A94B6EDE1E4}"
EndProject
Project("{FAE04EC0-301F-11D3-BF4B-00C04F79EFBC}") = "ServerCore", "001. Network\ServerCore\ServerCore.csproj", "{8C8AAF5F-6DBA-4AB0-A9F4-BF3D1FC0B6C7}"
EndProject
Project("{2150E333-8FDC-42A3-9474-1A3956D46DE8}") = "002. Server", "002. Server", "{792EE378-AFA9-4D48-BD03-ABB22B480529}"
EndProject
Project("{FAE04EC0-301F-11D3-BF4B-00C04F79EFBC}") = "Server", "002. Server\Server\Server.csproj", "{45C86D66-3D40-45EE-ADE1-474B7CCFB82D}"
EndProject
Project("{2150E333-8FDC-42A3-9474-1A3956D46DE8}") = "003. Client", "003. Client", "{AD06F370-6306-4738-81AB-CA0ED5D494E6}"
EndProject
Project("{FAE04EC0-301F-11D3-BF4B-00C04F79EFBC}") = "DummyClient", "003. Client\DummyClient\DummyClient.csproj", "{76F90BDF-99D3-4FF2-9DF6-2162E35702D9}"
EndProject
Global
	GlobalSection(SolutionConfigurationPlatforms) = preSolution
		Debug|Any CPU = Debug|Any CPU
		Release|Any CPU = Release|Any CPU
	EndGlobalSection
	GlobalSection(ProjectConfigurationPlatforms) = postSolution
		{8C8AAF5F-6DBA-4AB0-A9F4-BF3D1FC0B6C7}.Debug|Any CPU.ActiveCfg = Debug|Any CPU
		{8C8AAF5F-6DBA-4AB0-A9F4-BF3D1FC0B6C7}.Debug|Any CPU.Build.0 = Debug|Any CPU
		{8C8AAF5F-6DBA-4AB0-A9F4-BF3D1FC0B6C7}.Release|Any CPU.ActiveCfg = Release|Any CPU
		{8C8AAF5F-6DBA-4AB0-A9F4-BF3D1FC0B6C7}.Release|Any CPU.Build.0 = Release|Any CPU
		{45C86D66-3D40-45EE-ADE1-474B7CCFB82D}.Debug|Any CPU.ActiveCfg = Debug|Any CPU
		{45C86D66-3D40-45EE-ADE1-474B7CCFB82D}.Debug|Any CPU.Build.0 = Debug|Any CPU
		{45C86D66-3D40-45EE-ADE1-474B7CCFB82D}.Release|Any CPU.ActiveCfg = Release|Any CPU
		{45C86D66-3D40-45EE-ADE1-474B7CCFB82D}.Release|Any CPU.Build.0 = Release|Any CPU
		{76F90BDF-99D3-4FF2-9DF6-2162E35702D9}.Debug|Any CPU.ActiveCfg = Debug|Any CPU
		{76F90BDF-99D3-4FF2-9DF6-2162E35702D9}.Debug|Any CPU.Build.0 = Debug|Any CPU
		{76F90BDF-99D3-4FF2-9DF6-2162E35702D9}.Release|Any CPU.ActiveCfg = Release|Any CPU
		{76F90BDF-99D3-4FF2-9DF6-2162E35702D9}.Release|Any CPU.Build.0 = Release|Any CPU
	EndGlobalSection
	GlobalSection(SolutionProperties) = preSolution
		HideSolutionNode = FALSE
	EndGlobalSection
	GlobalSection(NestedProjects) = preSolution
		{8C8AAF5F-6DBA-4AB0-A9F4-BF3D1FC0B6C7} = {D0B0DEF9-CFE1-4782-AEE1-2A94B6EDE1E4}
		{45C86D66-3D40-45EE-ADE1-474B7CCFB82D} = {792EE378-AFA9-4D48-BD03-ABB22B480529}
		{76F90BDF-99D3-4FF2-9DF6-2162E35702D9} = {AD06F370-6306-4738-81AB-CA0ED5D494E6}
	EndGlobalSection
	GlobalSection(ExtensibilityGlobals) = postSolution
		SolutionGuid = {823FD401-7D4B-45CD-8FD9-C93A8FBBCC4A}
	EndGlobalSection
EndGlobal
